
Microsoft Visual Studio Solution File, Format Version 12.00
# Visual Studio Version 17
VisualStudioVersion = 17.9.34902.65
MinimumVisualStudioVersion = 10.0.40219.1
Project("{FAE04EC0-301F-11D3-BF4B-00C04F79EFBC}") = "Lab5_Mail", "Lab4_Mail\Lab5_Mail.csproj", "{517B6C14-901F-4C40-B4BC-F2ABFB185E2B}"
EndProject
Global
	GlobalSection(SolutionConfigurationPlatforms) = preSolution
		Debug|Any CPU = Debug|Any CPU
		Release|Any CPU = Release|Any CPU
	EndGlobalSection
	GlobalSection(ProjectConfigurationPlatforms) = postSolution
		{517B6C14-901F-4C40-B4BC-F2ABFB185E2B}.Debug|Any CPU.ActiveCfg = Debug|Any CPU
		{517B6C14-901F-4C40-B4BC-F2ABFB185E2B}.Debug|Any CPU.Build.0 = Debug|Any CPU
		{517B6C14-901F-4C40-B4BC-F2ABFB185E2B}.Release|Any CPU.ActiveCfg = Release|Any CPU
		{517B6C14-901F-4C40-B4BC-F2ABFB185E2B}.Release|Any CPU.Build.0 = Release|Any CPU
	EndGlobalSection
	GlobalSection(SolutionProperties) = preSolution
		HideSolutionNode = FALSE
	EndGlobalSection
	GlobalSection(ExtensibilityGlobals) = postSolution
		SolutionGuid = {606A6ABA-C32F-4373-85F9-E91401E24CEC}
	EndGlobalSection
EndGlobal
